
Microsoft Visual Studio Solution File, Format Version 12.00
# Visual Studio Version 17
VisualStudioVersion = 17.3.32819.101
MinimumVisualStudioVersion = 10.0.40219.1
Project("{FAE04EC0-301F-11D3-BF4B-00C04F79EFBC}") = "FinalProject", "FinalProject\FinalProject.csproj", "{06DF0F68-9C29-42BE-8D12-B86402F142DD}"
EndProject
Global
	GlobalSection(SolutionConfigurationPlatforms) = preSolution
		Debug|Any CPU = Debug|Any CPU
		Release|Any CPU = Release|Any CPU
	EndGlobalSection
	GlobalSection(ProjectConfigurationPlatforms) = postSolution
		{06DF0F68-9C29-42BE-8D12-B86402F142DD}.Debug|Any CPU.ActiveCfg = Debug|Any CPU
		{06DF0F68-9C29-42BE-8D12-B86402F142DD}.Debug|Any CPU.Build.0 = Debug|Any CPU
		{06DF0F68-9C29-42BE-8D12-B86402F142DD}.Release|Any CPU.ActiveCfg = Release|Any CPU
		{06DF0F68-9C29-42BE-8D12-B86402F142DD}.Release|Any CPU.Build.0 = Release|Any CPU
	EndGlobalSection
	GlobalSection(SolutionProperties) = preSolution
		HideSolutionNode = FALSE
	EndGlobalSection
	GlobalSection(ExtensibilityGlobals) = postSolution
		SolutionGuid = {6054A309-39DE-4660-BAD2-5E6EFC8766C6}
	EndGlobalSection
EndGlobal
